
Microsoft Visual Studio Solution File, Format Version 12.00
# Visual Studio Version 17
VisualStudioVersion = 17.10.34928.147
MinimumVisualStudioVersion = 10.0.40219.1
Project("{FAE04EC0-301F-11D3-BF4B-00C04F79EFBC}") = "YoutudeDowloder", "YoutudeDowloder.csproj", "{E396919F-A564-402C-8D6C-7FB7BE4A1A42}"
EndProject
Global
	GlobalSection(SolutionConfigurationPlatforms) = preSolution
		Debug|Any CPU = Debug|Any CPU
		Release|Any CPU = Release|Any CPU
	EndGlobalSection
	GlobalSection(ProjectConfigurationPlatforms) = postSolution
		{E396919F-A564-402C-8D6C-7FB7BE4A1A42}.Debug|Any CPU.ActiveCfg = Debug|Any CPU
		{E396919F-A564-402C-8D6C-7FB7BE4A1A42}.Debug|Any CPU.Build.0 = Debug|Any CPU
		{E396919F-A564-402C-8D6C-7FB7BE4A1A42}.Release|Any CPU.ActiveCfg = Release|Any CPU
		{E396919F-A564-402C-8D6C-7FB7BE4A1A42}.Release|Any CPU.Build.0 = Release|Any CPU
	EndGlobalSection
	GlobalSection(SolutionProperties) = preSolution
		HideSolutionNode = FALSE
	EndGlobalSection
	GlobalSection(ExtensibilityGlobals) = postSolution
		SolutionGuid = {AF141E47-8960-4066-AD0B-0A8E2DDC5491}
	EndGlobalSection
EndGlobal
